{
  "name": "n8n-nodes-spectrum",
  "version": "1.0.0",
  "lockfileVersion": 3,
  "requires": true,
  "packages": {
    "": {
      "name": "n8n-nodes-spectrum",
      "version": "1.0.0",
      "license": "MIT",
      "engines": {
        "node": ">=20.15.0"
      },
      "peerDependencies": {
        "n8n-workflow": "*"
      }
    }
  }
}
